// !$*UTF8*$!
{
	archiveVersion = 1;
	classes = {
	};
	objectVersion = 46;
	objects = {

/* Begin PBXBuildFile section */
		0A18381C192DE6E0004627D7 /* AssetsViewController.m in Sources */ = {isa = PBXBuildFile; fileRef = 0A18380F192DE6E0004627D7 /* AssetsViewController.m */; };
		0A18381D192DE6E0004627D7 /* AssetsBaseViewController.m in Sources */ = {isa = PBXBuildFile; fileRef = 0A183811192DE6E0004627D7 /* AssetsBaseViewController.m */; };
		0A18381E192DE6E0004627D7 /* CustomImageViewController.m in Sources */ = {isa = PBXBuildFile; fileRef = 0A183813192DE6E0004627D7 /* CustomImageViewController.m */; };
		0A18381F192DE6E0004627D7 /* AssetImagePreview.m in Sources */ = {isa = PBXBuildFile; fileRef = 0A183817192DE6E0004627D7 /* AssetImagePreview.m */; };
		0A183820192DE6E0004627D7 /* AssetItemView.m in Sources */ = {isa = PBXBuildFile; fileRef = 0A183819192DE6E0004627D7 /* AssetItemView.m */; };
		0A183821192DE6E0004627D7 /* AssetsTableViewCell.m in Sources */ = {isa = PBXBuildFile; fileRef = 0A18381B192DE6E0004627D7 /* AssetsTableViewCell.m */; };
		0A44F9C01929E992008629BC /* Foundation.framework in Frameworks */ = {isa = PBXBuildFile; fileRef = 0A44F9BF1929E992008629BC /* Foundation.framework */; };
		0A44F9C21929E992008629BC /* CoreGraphics.framework in Frameworks */ = {isa = PBXBuildFile; fileRef = 0A44F9C11929E992008629BC /* CoreGraphics.framework */; };
		0A44F9C41929E992008629BC /* UIKit.framework in Frameworks */ = {isa = PBXBuildFile; fileRef = 0A44F9C31929E992008629BC /* UIKit.framework */; };
		0A44F9CA1929E992008629BC /* InfoPlist.strings in Resources */ = {isa = PBXBuildFile; fileRef = 0A44F9C81929E992008629BC /* InfoPlist.strings */; };
		0A44F9CC1929E992008629BC /* main.m in Sources */ = {isa = PBXBuildFile; fileRef = 0A44F9CB1929E992008629BC /* main.m */; };
		0A44F9D01929E992008629BC /* AppDelegate.m in Sources */ = {isa = PBXBuildFile; fileRef = 0A44F9CF1929E992008629BC /* AppDelegate.m */; };
		0A44F9D21929E992008629BC /* Images.xcassets in Resources */ = {isa = PBXBuildFile; fileRef = 0A44F9D11929E992008629BC /* Images.xcassets */; };
		0A44F9D91929E993008629BC /* XCTest.framework in Frameworks */ = {isa = PBXBuildFile; fileRef = 0A44F9D81929E993008629BC /* XCTest.framework */; };
		0A44F9DA1929E993008629BC /* Foundation.framework in Frameworks */ = {isa = PBXBuildFile; fileRef = 0A44F9BF1929E992008629BC /* Foundation.framework */; };
		0A44F9DB1929E993008629BC /* UIKit.framework in Frameworks */ = {isa = PBXBuildFile; fileRef = 0A44F9C31929E992008629BC /* UIKit.framework */; };
		0A44F9E31929E993008629BC /* InfoPlist.strings in Resources */ = {isa = PBXBuildFile; fileRef = 0A44F9E11929E993008629BC /* InfoPlist.strings */; };
		0A44F9E51929E993008629BC /* CustomImagePickerDemoTests.m in Sources */ = {isa = PBXBuildFile; fileRef = 0A44F9E41929E993008629BC /* CustomImagePickerDemoTests.m */; };
		0A44F9F31929EAB6008629BC /* MainViewController.m in Sources */ = {isa = PBXBuildFile; fileRef = 0A44F9F21929EAB6008629BC /* MainViewController.m */; };
/* End PBXBuildFile section */

/* Begin PBXContainerItemProxy section */
		0A44F9DC1929E993008629BC /* PBXContainerItemProxy */ = {
			isa = PBXContainerItemProxy;
			containerPortal = 0A44F9B41929E992008629BC /* Project object */;
			proxyType = 1;
			remoteGlobalIDString = 0A44F9BB1929E992008629BC;
			remoteInfo = CustomImagePickerDemo;
		};
/* End PBXContainerItemProxy section */

/* Begin PBXFileReference section */
		0A18380E192DE6E0004627D7 /* AssetsViewController.h */ = {isa = PBXFileReference; fileEncoding = 4; lastKnownFileType = sourcecode.c.h; path = AssetsViewController.h; sourceTree = "<group>"; };
		0A18380F192DE6E0004627D7 /* AssetsViewController.m */ = {isa = PBXFileReference; fileEncoding = 4; lastKnownFileType = sourcecode.c.objc; path = AssetsViewController.m; sourceTree = "<group>"; };
		0A183810192DE6E0004627D7 /* AssetsBaseViewController.h */ = {isa = PBXFileReference; fileEncoding = 4; lastKnownFileType = sourcecode.c.h; path = AssetsBaseViewController.h; sourceTree = "<group>"; };
		0A183811192DE6E0004627D7 /* AssetsBaseViewController.m */ = {isa = PBXFileReference; fileEncoding = 4; lastKnownFileType = sourcecode.c.objc; path = AssetsBaseViewController.m; sourceTree = "<group>"; };
		0A183812192DE6E0004627D7 /* CustomImageViewController.h */ = {isa = PBXFileReference; fileEncoding = 4; lastKnownFileType = sourcecode.c.h; path = CustomImageViewController.h; sourceTree = "<group>"; };
		0A183813192DE6E0004627D7 /* CustomImageViewController.m */ = {isa = PBXFileReference; fileEncoding = 4; lastKnownFileType = sourcecode.c.objc; path = CustomImageViewController.m; sourceTree = "<group>"; };
		0A183816192DE6E0004627D7 /* AssetImagePreview.h */ = {isa = PBXFileReference; fileEncoding = 4; lastKnownFileType = sourcecode.c.h; path = AssetImagePreview.h; sourceTree = "<group>"; };
		0A183817192DE6E0004627D7 /* AssetImagePreview.m */ = {isa = PBXFileReference; fileEncoding = 4; lastKnownFileType = sourcecode.c.objc; path = AssetImagePreview.m; sourceTree = "<group>"; };
		0A183818192DE6E0004627D7 /* AssetItemView.h */ = {isa = PBXFileReference; fileEncoding = 4; lastKnownFileType = sourcecode.c.h; path = AssetItemView.h; sourceTree = "<group>"; };
		0A183819192DE6E0004627D7 /* AssetItemView.m */ = {isa = PBXFileReference; fileEncoding = 4; lastKnownFileType = sourcecode.c.objc; path = AssetItemView.m; sourceTree = "<group>"; };
		0A18381A192DE6E0004627D7 /* AssetsTableViewCell.h */ = {isa = PBXFileReference; fileEncoding = 4; lastKnownFileType = sourcecode.c.h; path = AssetsTableViewCell.h; sourceTree = "<group>"; };
		0A18381B192DE6E0004627D7 /* AssetsTableViewCell.m */ = {isa = PBXFileReference; fileEncoding = 4; lastKnownFileType = sourcecode.c.objc; path = AssetsTableViewCell.m; sourceTree = "<group>"; };
		0A44F9BC1929E992008629BC /* CustomImagePickerDemo.app */ = {isa = PBXFileReference; explicitFileType = wrapper.application; includeInIndex = 0; path = CustomImagePickerDemo.app; sourceTree = BUILT_PRODUCTS_DIR; };
		0A44F9BF1929E992008629BC /* Foundation.framework */ = {isa = PBXFileReference; lastKnownFileType = wrapper.framework; name = Foundation.framework; path = System/Library/Frameworks/Foundation.framework; sourceTree = SDKROOT; };
		0A44F9C11929E992008629BC /* CoreGraphics.framework */ = {isa = PBXFileReference; lastKnownFileType = wrapper.framework; name = CoreGraphics.framework; path = System/Library/Frameworks/CoreGraphics.framework; sourceTree = SDKROOT; };
		0A44F9C31929E992008629BC /* UIKit.framework */ = {isa = PBXFileReference; lastKnownFileType = wrapper.framework; name = UIKit.framework; path = System/Library/Frameworks/UIKit.framework; sourceTree = SDKROOT; };
		0A44F9C71929E992008629BC /* CustomImagePickerDemo-Info.plist */ = {isa = PBXFileReference; lastKnownFileType = text.plist.xml; path = "CustomImagePickerDemo-Info.plist"; sourceTree = "<group>"; };
		0A44F9C91929E992008629BC /* en */ = {isa = PBXFileReference; lastKnownFileType = text.plist.strings; name = en; path = en.lproj/InfoPlist.strings; sourceTree = "<group>"; };
		0A44F9CB1929E992008629BC /* main.m */ = {isa = PBXFileReference; lastKnownFileType = sourcecode.c.objc; path = main.m; sourceTree = "<group>"; };
		0A44F9CD1929E992008629BC /* CustomImagePickerDemo-Prefix.pch */ = {isa = PBXFileReference; lastKnownFileType = sourcecode.c.h; path = "CustomImagePickerDemo-Prefix.pch"; sourceTree = "<group>"; };
		0A44F9CE1929E992008629BC /* AppDelegate.h */ = {isa = PBXFileReference; lastKnownFileType = sourcecode.c.h; path = AppDelegate.h; sourceTree = "<group>"; };
		0A44F9CF1929E992008629BC /* AppDelegate.m */ = {isa = PBXFileReference; lastKnownFileType = sourcecode.c.objc; path = AppDelegate.m; sourceTree = "<group>"; };
		0A44F9D11929E992008629BC /* Images.xcassets */ = {isa = PBXFileReference; lastKnownFileType = folder.assetcatalog; path = Images.xcassets; sourceTree = "<group>"; };
		0A44F9D71929E993008629BC /* CustomImagePickerDemoTests.xctest */ = {isa = PBXFileReference; explicitFileType = wrapper.cfbundle; includeInIndex = 0; path = CustomImagePickerDemoTests.xctest; sourceTree = BUILT_PRODUCTS_DIR; };
		0A44F9D81929E993008629BC /* XCTest.framework */ = {isa = PBXFileReference; lastKnownFileType = wrapper.framework; name = XCTest.framework; path = Library/Frameworks/XCTest.framework; sourceTree = DEVELOPER_DIR; };
		0A44F9E01929E993008629BC /* CustomImagePickerDemoTests-Info.plist */ = {isa = PBXFileReference; lastKnownFileType = text.plist.xml; path = "CustomImagePickerDemoTests-Info.plist"; sourceTree = "<group>"; };
		0A44F9E21929E993008629BC /* en */ = {isa = PBXFileReference; lastKnownFileType = text.plist.strings; name = en; path = en.lproj/InfoPlist.strings; sourceTree = "<group>"; };
		0A44F9E41929E993008629BC /* CustomImagePickerDemoTests.m */ = {isa = PBXFileReference; lastKnownFileType = sourcecode.c.objc; path = CustomImagePickerDemoTests.m; sourceTree = "<group>"; };
		0A44F9F11929EAB6008629BC /* MainViewController.h */ = {isa = PBXFileReference; fileEncoding = 4; lastKnownFileType = sourcecode.c.h; path = MainViewController.h; sourceTree = "<group>"; };
		0A44F9F21929EAB6008629BC /* MainViewController.m */ = {isa = PBXFileReference; fileEncoding = 4; lastKnownFileType = sourcecode.c.objc; path = MainViewController.m; sourceTree = "<group>"; };
/* End PBXFileReference section */

/* Begin PBXFrameworksBuildPhase section */
		0A44F9B91929E992008629BC /* Frameworks */ = {
			isa = PBXFrameworksBuildPhase;
			buildActionMask = 2147483647;
			files = (
				0A44F9C21929E992008629BC /* CoreGraphics.framework in Frameworks */,
				0A44F9C41929E992008629BC /* UIKit.framework in Frameworks */,
				0A44F9C01929E992008629BC /* Foundation.framework in Frameworks */,
			);
			runOnlyForDeploymentPostprocessing = 0;
		};
		0A44F9D41929E993008629BC /* Frameworks */ = {
			isa = PBXFrameworksBuildPhase;
			buildActionMask = 2147483647;
			files = (
				0A44F9D91929E993008629BC /* XCTest.framework in Frameworks */,
				0A44F9DB1929E993008629BC /* UIKit.framework in Frameworks */,
				0A44F9DA1929E993008629BC /* Foundation.framework in Frameworks */,
			);
			runOnlyForDeploymentPostprocessing = 0;
		};
/* End PBXFrameworksBuildPhase section */

/* Begin PBXGroup section */
		0A18380C192DE6E0004627D7 /* CustomImagePicker */ = {
			isa = PBXGroup;
			children = (
				0A18380D192DE6E0004627D7 /* Control */,
				0A183814192DE6E0004627D7 /* Model */,
				0A183815192DE6E0004627D7 /* View */,
			);
			path = CustomImagePicker;
			sourceTree = "<group>";
		};
		0A18380D192DE6E0004627D7 /* Control */ = {
			isa = PBXGroup;
			children = (
				0A183810192DE6E0004627D7 /* AssetsBaseViewController.h */,
				0A183811192DE6E0004627D7 /* AssetsBaseViewController.m */,
				0A183812192DE6E0004627D7 /* CustomImageViewController.h */,
				0A183813192DE6E0004627D7 /* CustomImageViewController.m */,
				0A18380E192DE6E0004627D7 /* AssetsViewController.h */,
				0A18380F192DE6E0004627D7 /* AssetsViewController.m */,
			);
			path = Control;
			sourceTree = "<group>";
		};
		0A183814192DE6E0004627D7 /* Model */ = {
			isa = PBXGroup;
			children = (
			);
			path = Model;
			sourceTree = "<group>";
		};
		0A183815192DE6E0004627D7 /* View */ = {
			isa = PBXGroup;
			children = (
				0A183818192DE6E0004627D7 /* AssetItemView.h */,
				0A183819192DE6E0004627D7 /* AssetItemView.m */,
				0A18381A192DE6E0004627D7 /* AssetsTableViewCell.h */,
				0A18381B192DE6E0004627D7 /* AssetsTableViewCell.m */,
				0A183816192DE6E0004627D7 /* AssetImagePreview.h */,
				0A183817192DE6E0004627D7 /* AssetImagePreview.m */,
			);
			path = View;
			sourceTree = "<group>";
		};
		0A44F9B31929E992008629BC = {
			isa = PBXGroup;
			children = (
				0A18380C192DE6E0004627D7 /* CustomImagePicker */,
				0A44F9C51929E992008629BC /* CustomImagePickerDemo */,
				0A44F9DE1929E993008629BC /* CustomImagePickerDemoTests */,
				0A44F9BE1929E992008629BC /* Frameworks */,
				0A44F9BD1929E992008629BC /* Products */,
			);
			sourceTree = "<group>";
		};
		0A44F9BD1929E992008629BC /* Products */ = {
			isa = PBXGroup;
			children = (
				0A44F9BC1929E992008629BC /* CustomImagePickerDemo.app */,
				0A44F9D71929E993008629BC /* CustomImagePickerDemoTests.xctest */,
			);
			name = Products;
			sourceTree = "<group>";
		};
		0A44F9BE1929E992008629BC /* Frameworks */ = {
			isa = PBXGroup;
			children = (
				0A44F9BF1929E992008629BC /* Foundation.framework */,
				0A44F9C11929E992008629BC /* CoreGraphics.framework */,
				0A44F9C31929E992008629BC /* UIKit.framework */,
				0A44F9D81929E993008629BC /* XCTest.framework */,
			);
			name = Frameworks;
			sourceTree = "<group>";
		};
		0A44F9C51929E992008629BC /* CustomImagePickerDemo */ = {
			isa = PBXGroup;
			children = (
				0A44F9CE1929E992008629BC /* AppDelegate.h */,
				0A44F9CF1929E992008629BC /* AppDelegate.m */,
				0A44F9F11929EAB6008629BC /* MainViewController.h */,
				0A44F9F21929EAB6008629BC /* MainViewController.m */,
				0A44F9D11929E992008629BC /* Images.xcassets */,
				0A44F9C61929E992008629BC /* Supporting Files */,
			);
			path = CustomImagePickerDemo;
			sourceTree = "<group>";
		};
		0A44F9C61929E992008629BC /* Supporting Files */ = {
			isa = PBXGroup;
			children = (
				0A44F9C71929E992008629BC /* CustomImagePickerDemo-Info.plist */,
				0A44F9C81929E992008629BC /* InfoPlist.strings */,
				0A44F9CB1929E992008629BC /* main.m */,
				0A44F9CD1929E992008629BC /* CustomImagePickerDemo-Prefix.pch */,
			);
			name = "Supporting Files";
			sourceTree = "<group>";
		};
		0A44F9DE1929E993008629BC /* CustomImagePickerDemoTests */ = {
			isa = PBXGroup;
			children = (
				0A44F9E41929E993008629BC /* CustomImagePickerDemoTests.m */,
				0A44F9DF1929E993008629BC /* Supporting Files */,
			);
			path = CustomImagePickerDemoTests;
			sourceTree = "<group>";
		};
		0A44F9DF1929E993008629BC /* Supporting Files */ = {
			isa = PBXGroup;
			children = (
				0A44F9E01929E993008629BC /* CustomImagePickerDemoTests-Info.plist */,
				0A44F9E11929E993008629BC /* InfoPlist.strings */,
			);
			name = "Supporting Files";
			sourceTree = "<group>";
		};
/* End PBXGroup section */

/* Begin PBXNativeTarget section */
		0A44F9BB1929E992008629BC /* CustomImagePickerDemo */ = {
			isa = PBXNativeTarget;
			buildConfigurationList = 0A44F9E81929E993008629BC /* Build configuration list for PBXNativeTarget "CustomImagePickerDemo" */;
			buildPhases = (
				0A44F9B81929E992008629BC /* Sources */,
				0A44F9B91929E992008629BC /* Frameworks */,
				0A44F9BA1929E992008629BC /* Resources */,
			);
			buildRules = (
			);
			dependencies = (
			);
			name = CustomImagePickerDemo;
			productName = CustomImagePickerDemo;
			productReference = 0A44F9BC1929E992008629BC /* CustomImagePickerDemo.app */;
			productType = "com.apple.product-type.application";
		};
		0A44F9D61929E993008629BC /* CustomImagePickerDemoTests */ = {
			isa = PBXNativeTarget;
			buildConfigurationList = 0A44F9EB1929E993008629BC /* Build configuration list for PBXNativeTarget "CustomImagePickerDemoTests" */;
			buildPhases = (
				0A44F9D31929E993008629BC /* Sources */,
				0A44F9D41929E993008629BC /* Frameworks */,
				0A44F9D51929E993008629BC /* Resources */,
			);
			buildRules = (
			);
			dependencies = (
				0A44F9DD1929E993008629BC /* PBXTargetDependency */,
			);
			name = CustomImagePickerDemoTests;
			productName = CustomImagePickerDemoTests;
			productReference = 0A44F9D71929E993008629BC /* CustomImagePickerDemoTests.xctest */;
			productType = "com.apple.product-type.bundle.unit-test";
		};
/* End PBXNativeTarget section */

/* Begin PBXProject section */
		0A44F9B41929E992008629BC /* Project object */ = {
			isa = PBXProject;
			attributes = {
				LastUpgradeCheck = 0510;
				ORGANIZATIONNAME = joymis.com;
				TargetAttributes = {
					0A44F9D61929E993008629BC = {
						TestTargetID = 0A44F9BB1929E992008629BC;
					};
				};
			};
			buildConfigurationList = 0A44F9B71929E992008629BC /* Build configuration list for PBXProject "CustomImagePickerDemo" */;
			compatibilityVersion = "Xcode 3.2";
			developmentRegion = English;
			hasScannedForEncodings = 0;
			knownRegions = (
				en,
			);
			mainGroup = 0A44F9B31929E992008629BC;
			productRefGroup = 0A44F9BD1929E992008629BC /* Products */;
			projectDirPath = "";
			projectRoot = "";
			targets = (
				0A44F9BB1929E992008629BC /* CustomImagePickerDemo */,
				0A44F9D61929E993008629BC /* CustomImagePickerDemoTests */,
			);
		};
/* End PBXProject section */

/* Begin PBXResourcesBuildPhase section */
		0A44F9BA1929E992008629BC /* Resources */ = {
			isa = PBXResourcesBuildPhase;
			buildActionMask = 2147483647;
			files = (
				0A44F9CA1929E992008629BC /* InfoPlist.strings in Resources */,
				0A44F9D21929E992008629BC /* Images.xcassets in Resources */,
			);
			runOnlyForDeploymentPostprocessing = 0;
		};
		0A44F9D51929E993008629BC /* Resources */ = {
			isa = PBXResourcesBuildPhase;
			buildActionMask = 2147483647;
			files = (
				0A44F9E31929E993008629BC /* InfoPlist.strings in Resources */,
			);
			runOnlyForDeploymentPostprocessing = 0;
		};
/* End PBXResourcesBuildPhase section */

/* Begin PBXSourcesBuildPhase section */
		0A44F9B81929E992008629BC /* Sources */ = {
			isa = PBXSourcesBuildPhase;
			buildActionMask = 2147483647;
			files = (
				0A44F9D01929E992008629BC /* AppDelegate.m in Sources */,
				0A18381D192DE6E0004627D7 /* AssetsBaseViewController.m in Sources */,
				0A44F9CC1929E992008629BC /* main.m in Sources */,
				0A18381F192DE6E0004627D7 /* AssetImagePreview.m in Sources */,
				0A183820192DE6E0004627D7 /* AssetItemView.m in Sources */,
				0A44F9F31929EAB6008629BC /* MainViewController.m in Sources */,
				0A18381C192DE6E0004627D7 /* AssetsViewController.m in Sources */,
				0A18381E192DE6E0004627D7 /* CustomImageViewController.m in Sources */,
				0A183821192DE6E0004627D7 /* AssetsTableViewCell.m in Sources */,
			);
			runOnlyForDeploymentPostprocessing = 0;
		};
		0A44F9D31929E993008629BC /* Sources */ = {
			isa = PBXSourcesBuildPhase;
			buildActionMask = 2147483647;
			files = (
				0A44F9E51929E993008629BC /* CustomImagePickerDemoTests.m in Sources */,
			);
			runOnlyForDeploymentPostprocessing = 0;
		};
/* End PBXSourcesBuildPhase section */

/* Begin PBXTargetDependency section */
		0A44F9DD1929E993008629BC /* PBXTargetDependency */ = {
			isa = PBXTargetDependency;
			target = 0A44F9BB1929E992008629BC /* CustomImagePickerDemo */;
			targetProxy = 0A44F9DC1929E993008629BC /* PBXContainerItemProxy */;
		};
/* End PBXTargetDependency section */

/* Begin PBXVariantGroup section */
		0A44F9C81929E992008629BC /* InfoPlist.strings */ = {
			isa = PBXVariantGroup;
			children = (
				0A44F9C91929E992008629BC /* en */,
			);
			name = InfoPlist.strings;
			sourceTree = "<group>";
		};
		0A44F9E11929E993008629BC /* InfoPlist.strings */ = {
			isa = PBXVariantGroup;
			children = (
				0A44F9E21929E993008629BC /* en */,
			);
			name = InfoPlist.strings;
			sourceTree = "<group>";
		};
/* End PBXVariantGroup section */

/* Begin XCBuildConfiguration section */
		0A44F9E61929E993008629BC /* Debug */ = {
			isa = XCBuildConfiguration;
			buildSettings = {
				ALWAYS_SEARCH_USER_PATHS = NO;
				CLANG_CXX_LANGUAGE_STANDARD = "gnu++0x";
				CLANG_CXX_LIBRARY = "libc++";
				CLANG_ENABLE_MODULES = YES;
				CLANG_ENABLE_OBJC_ARC = YES;
				CLANG_WARN_BOOL_CONVERSION = YES;
				CLANG_WARN_CONSTANT_CONVERSION = YES;
				CLANG_WARN_DIRECT_OBJC_ISA_USAGE = YES_ERROR;
				CLANG_WARN_EMPTY_BODY = YES;
				CLANG_WARN_ENUM_CONVERSION = YES;
				CLANG_WARN_INT_CONVERSION = YES;
				CLANG_WARN_OBJC_ROOT_CLASS = YES_ERROR;
				CLANG_WARN__DUPLICATE_METHOD_MATCH = YES;
				"CODE_SIGN_IDENTITY[sdk=iphoneos*]" = "iPhone Developer";
				COPY_PHASE_STRIP = NO;
				GCC_C_LANGUAGE_STANDARD = gnu99;
				GCC_DYNAMIC_NO_PIC = NO;
				GCC_OPTIMIZATION_LEVEL = 0;
				GCC_PREPROCESSOR_DEFINITIONS = (
					"DEBUG=1",
					"$(inherited)",
				);
				GCC_SYMBOLS_PRIVATE_EXTERN = NO;
				GCC_WARN_64_TO_32_BIT_CONVERSION = YES;
				GCC_WARN_ABOUT_RETURN_TYPE = YES_ERROR;
				GCC_WARN_UNDECLARED_SELECTOR = YES;
				GCC_WARN_UNINITIALIZED_AUTOS = YES_AGGRESSIVE;
				GCC_WARN_UNUSED_FUNCTION = YES;
				GCC_WARN_UNUSED_VARIABLE = YES;
				IPHONEOS_DEPLOYMENT_TARGET = 7.1;
				ONLY_ACTIVE_ARCH = YES;
				SDKROOT = iphoneos;
				TARGETED_DEVICE_FAMILY = "1,2";
			};
			name = Debug;
		};
		0A44F9E71929E993008629BC /* Release */ = {
			isa = XCBuildConfiguration;
			buildSettings = {
				ALWAYS_SEARCH_USER_PATHS = NO;
				CLANG_CXX_LANGUAGE_STANDARD = "gnu++0x";
				CLANG_CXX_LIBRARY = "libc++";
				CLANG_ENABLE_MODULES = YES;
				CLANG_ENABLE_OBJC_ARC = YES;
				CLANG_WARN_BOOL_CONVERSION = YES;
				CLANG_WARN_CONSTANT_CONVERSION = YES;
				CLANG_WARN_DIRECT_OBJC_ISA_USAGE = YES_ERROR;
				CLANG_WARN_EMPTY_BODY = YES;
				CLANG_WARN_ENUM_CONVERSION = YES;
				CLANG_WARN_INT_CONVERSION = YES;
				CLANG_WARN_OBJC_ROOT_CLASS = YES_ERROR;
				CLANG_WARN__DUPLICATE_METHOD_MATCH = YES;
				"CODE_SIGN_IDENTITY[sdk=iphoneos*]" = "iPhone Developer";
				COPY_PHASE_STRIP = YES;
				ENABLE_NS_ASSERTIONS = NO;
				GCC_C_LANGUAGE_STANDARD = gnu99;
				GCC_WARN_64_TO_32_BIT_CONVERSION = YES;
				GCC_WARN_ABOUT_RETURN_TYPE = YES_ERROR;
				GCC_WARN_UNDECLARED_SELECTOR = YES;
				GCC_WARN_UNINITIALIZED_AUTOS = YES_AGGRESSIVE;
				GCC_WARN_UNUSED_FUNCTION = YES;
				GCC_WARN_UNUSED_VARIABLE = YES;
				IPHONEOS_DEPLOYMENT_TARGET = 7.1;
				SDKROOT = iphoneos;
				TARGETED_DEVICE_FAMILY = "1,2";
				VALIDATE_PRODUCT = YES;
			};
			name = Release;
		};
		0A44F9E91929E993008629BC /* Debug */ = {
			isa = XCBuildConfiguration;
			buildSettings = {
				ASSETCATALOG_COMPILER_APPICON_NAME = AppIcon;
				ASSETCATALOG_COMPILER_LAUNCHIMAGE_NAME = LaunchImage;
				CLANG_ENABLE_OBJC_ARC = NO;
				FRAMEWORK_SEARCH_PATHS = "";
				GCC_PRECOMPILE_PREFIX_HEADER = YES;
				GCC_PREFIX_HEADER = "CustomImagePickerDemo/CustomImagePickerDemo-Prefix.pch";
				HEADER_SEARCH_PATHS = "";
				INFOPLIST_FILE = "CustomImagePickerDemo/CustomImagePickerDemo-Info.plist";
				IPHONEOS_DEPLOYMENT_TARGET = 5.0;
				LIBRARY_SEARCH_PATHS = "";
				PRODUCT_NAME = "$(TARGET_NAME)";
				WRAPPER_EXTENSION = app;
			};
			name = Debug;
		};
		0A44F9EA1929E993008629BC /* Release */ = {
			isa = XCBuildConfiguration;
			buildSettings = {
				ASSETCATALOG_COMPILER_APPICON_NAME = AppIcon;
				ASSETCATALOG_COMPILER_LAUNCHIMAGE_NAME = LaunchImage;
				CLANG_ENABLE_OBJC_ARC = NO;
				FRAMEWORK_SEARCH_PATHS = "";
				GCC_PRECOMPILE_PREFIX_HEADER = YES;
				GCC_PREFIX_HEADER = "CustomImagePickerDemo/CustomImagePickerDemo-Prefix.pch";
				HEADER_SEARCH_PATHS = "";
				INFOPLIST_FILE = "CustomImagePickerDemo/CustomImagePickerDemo-Info.plist";
				IPHONEOS_DEPLOYMENT_TARGET = 5.0;
				LIBRARY_SEARCH_PATHS = "";
				PRODUCT_NAME = "$(TARGET_NAME)";
				WRAPPER_EXTENSION = app;
			};
			name = Release;
		};
		0A44F9EC1929E993008629BC /* Debug */ = {
			isa = XCBuildConfiguration;
			buildSettings = {
				BUNDLE_LOADER = "$(BUILT_PRODUCTS_DIR)/CustomImagePickerDemo.app/CustomImagePickerDemo";
				FRAMEWORK_SEARCH_PATHS = (
					"$(SDKROOT)/Developer/Library/Frameworks",
					"$(inherited)",
					"$(DEVELOPER_FRAMEWORKS_DIR)",
				);
				GCC_PRECOMPILE_PREFIX_HEADER = YES;
				GCC_PREFIX_HEADER = "CustomImagePickerDemo/CustomImagePickerDemo-Prefix.pch";
				GCC_PREPROCESSOR_DEFINITIONS = (
					"DEBUG=1",
					"$(inherited)",
				);
				INFOPLIST_FILE = "CustomImagePickerDemoTests/CustomImagePickerDemoTests-Info.plist";
				PRODUCT_NAME = "$(TARGET_NAME)";
				TEST_HOST = "$(BUNDLE_LOADER)";
				WRAPPER_EXTENSION = xctest;
			};
			name = Debug;
		};
		0A44F9ED1929E993008629BC /* Release */ = {
			isa = XCBuildConfiguration;
			buildSettings = {
				BUNDLE_LOADER = "$(BUILT_PRODUCTS_DIR)/CustomImagePickerDemo.app/CustomImagePickerDemo";
				FRAMEWORK_SEARCH_PATHS = (
					"$(SDKROOT)/Developer/Library/Frameworks",
					"$(inherited)",
					"$(DEVELOPER_FRAMEWORKS_DIR)",
				);
				GCC_PRECOMPILE_PREFIX_HEADER = YES;
				GCC_PREFIX_HEADER = "CustomImagePickerDemo/CustomImagePickerDemo-Prefix.pch";
				INFOPLIST_FILE = "CustomImagePickerDemoTests/CustomImagePickerDemoTests-Info.plist";
				PRODUCT_NAME = "$(TARGET_NAME)";
				TEST_HOST = "$(BUNDLE_LOADER)";
				WRAPPER_EXTENSION = xctest;
			};
			name = Release;
		};
/* End XCBuildConfiguration section */

/* Begin XCConfigurationList section */
		0A44F9B71929E992008629BC /* Build configuration list for PBXProject "CustomImagePickerDemo" */ = {
			isa = XCConfigurationList;
			buildConfigurations = (
				0A44F9E61929E993008629BC /* Debug */,
				0A44F9E71929E993008629BC /* Release */,
			);
			defaultConfigurationIsVisible = 0;
			defaultConfigurationName = Release;
		};
		0A44F9E81929E993008629BC /* Build configuration list for PBXNativeTarget "CustomImagePickerDemo" */ = {
			isa = XCConfigurationList;
			buildConfigurations = (
				0A44F9E91929E993008629BC /* Debug */,
				0A44F9EA1929E993008629BC /* Release */,
			);
			defaultConfigurationIsVisible = 0;
			defaultConfigurationName = Release;
		};
		0A44F9EB1929E993008629BC /* Build configuration list for PBXNativeTarget "CustomImagePickerDemoTests" */ = {
			isa = XCConfigurationList;
			buildConfigurations = (
				0A44F9EC1929E993008629BC /* Debug */,
				0A44F9ED1929E993008629BC /* Release */,
			);
			defaultConfigurationIsVisible = 0;
			defaultConfigurationName = Release;
		};
/* End XCConfigurationList section */
	};
	rootObject = 0A44F9B41929E992008629BC /* Project object */;
}
